{
    "version": 3,
    "terraform_version": "0.11.13",
    "serial": 22,
    "lineage": "8b003e0b-4382-810c-7d06-df782fb4e51b",
    "modules": [
        {
            "path": [
                "root"
            ],
            "outputs": {},
            "resources": {
                "aws_eip.GoCD-Server-IP": {
                    "type": "aws_eip",
                    "depends_on": [],
                    "primary": {
                        "id": "eipalloc-007ae18462f292558",
                        "attributes": {
                            "association_id": "eipassoc-00c948ebcff166f36",
                            "domain": "vpc",
                            "id": "eipalloc-007ae18462f292558",
                            "instance": "i-06184fdb8d60cb9fb",
                            "network_interface": "eni-03d5db3fd11aa89d2",
                            "private_dns": "ip-172-31-85-98.ec2.internal",
                            "private_ip": "172.31.85.98",
                            "public_dns": "ec2-3-217-128-137.compute-1.amazonaws.com",
                            "public_ip": "3.217.128.137",
                            "public_ipv4_pool": "amazon",
                            "tags.%": "0",
                            "vpc": "true"
                        },
                        "meta": {
                            "e2bfb730-ecaa-11e6-8f88-34363bc7c4c0": {
                                "delete": 180000000000,
                                "read": 900000000000,
                                "update": 300000000000
                            }
                        },
                        "tainted": false
                    },
                    "deposed": [],
                    "provider": "provider.aws"
                },
                "aws_eip_association.GoCD-Server-EIP": {
                    "type": "aws_eip_association",
                    "depends_on": [
                        "aws_eip.GoCD-Server-IP",
                        "aws_instance.GoCD-Server"
                    ],
                    "primary": {
                        "id": "eipassoc-00c948ebcff166f36",
                        "attributes": {
                            "allocation_id": "eipalloc-007ae18462f292558",
                            "id": "eipassoc-00c948ebcff166f36",
                            "instance_id": "i-06184fdb8d60cb9fb",
                            "network_interface_id": "eni-03d5db3fd11aa89d2",
                            "private_ip_address": "172.31.85.98",
                            "public_ip": "3.217.128.137"
                        },
                        "meta": {},
                        "tainted": false
                    },
                    "deposed": [],
                    "provider": "provider.aws"
                },
                "aws_instance.GoCD-Agent": {
                    "type": "aws_instance",
                    "depends_on": [
                        "aws_eip.GoCD-Server-IP",
                        "aws_security_group.GoCD-SG"
                    ],
                    "primary": {
                        "id": "i-01377bc409abb9b93",
                        "attributes": {
                            "ami": "ami-0cc96feef8c6bbff3",
                            "arn": "arn:aws:ec2:us-east-1:539142489469:instance/i-01377bc409abb9b93",
                            "associate_public_ip_address": "true",
                            "availability_zone": "us-east-1c",
                            "cpu_core_count": "1",
                            "cpu_threads_per_core": "1",
                            "credit_specification.#": "1",
                            "credit_specification.0.cpu_credits": "standard",
                            "disable_api_termination": "false",
                            "ebs_block_device.#": "0",
                            "ebs_optimized": "false",
                            "ephemeral_block_device.#": "0",
                            "get_password_data": "false",
                            "iam_instance_profile": "",
                            "id": "i-01377bc409abb9b93",
                            "instance_state": "running",
                            "instance_type": "t2.micro",
                            "ipv6_address_count": "0",
                            "ipv6_addresses.#": "0",
                            "key_name": "aws-whelan-personal",
                            "monitoring": "false",
                            "network_interface.#": "0",
                            "password_data": "",
                            "placement_group": "",
                            "primary_network_interface_id": "eni-07b00ec79c56ca1b5",
                            "private_dns": "ip-172-31-81-20.ec2.internal",
                            "private_ip": "172.31.81.20",
                            "public_dns": "ec2-3-95-31-99.compute-1.amazonaws.com",
                            "public_ip": "3.95.31.99",
                            "root_block_device.#": "1",
                            "root_block_device.0.delete_on_termination": "true",
                            "root_block_device.0.iops": "100",
                            "root_block_device.0.volume_id": "vol-072d7c91c70a0606d",
                            "root_block_device.0.volume_size": "8",
                            "root_block_device.0.volume_type": "gp2",
                            "security_groups.#": "1",
                            "security_groups.2938394801": "GoCD SG",
                            "source_dest_check": "true",
                            "subnet_id": "subnet-2196c50f",
                            "tags.%": "1",
                            "tags.Name": "GoCD Agent",
                            "tenancy": "default",
                            "user_data": "edb370e41e71ab9dfa0d2a5905b6b33271b2a80a",
                            "volume_tags.%": "0",
                            "vpc_security_group_ids.#": "1",
                            "vpc_security_group_ids.2125715402": "sg-05fde4acb3d9296ee"
                        },
                        "meta": {
                            "e2bfb730-ecaa-11e6-8f88-34363bc7c4c0": {
                                "create": 600000000000,
                                "delete": 1200000000000,
                                "update": 600000000000
                            },
                            "schema_version": "1"
                        },
                        "tainted": false
                    },
                    "deposed": [],
                    "provider": "provider.aws"
                },
                "aws_instance.GoCD-Server": {
                    "type": "aws_instance",
                    "depends_on": [
                        "aws_security_group.GoCD-SG"
                    ],
                    "primary": {
                        "id": "i-06184fdb8d60cb9fb",
                        "attributes": {
                            "ami": "ami-0cc96feef8c6bbff3",
                            "arn": "arn:aws:ec2:us-east-1:539142489469:instance/i-06184fdb8d60cb9fb",
                            "associate_public_ip_address": "true",
                            "availability_zone": "us-east-1c",
                            "cpu_core_count": "1",
                            "cpu_threads_per_core": "1",
                            "credit_specification.#": "1",
                            "credit_specification.0.cpu_credits": "standard",
                            "disable_api_termination": "false",
                            "ebs_block_device.#": "0",
                            "ebs_optimized": "false",
                            "ephemeral_block_device.#": "0",
                            "get_password_data": "false",
                            "iam_instance_profile": "",
                            "id": "i-06184fdb8d60cb9fb",
                            "instance_state": "running",
                            "instance_type": "t2.micro",
                            "ipv6_address_count": "0",
                            "ipv6_addresses.#": "0",
                            "key_name": "aws-whelan-personal",
                            "monitoring": "false",
                            "network_interface.#": "0",
                            "password_data": "",
                            "placement_group": "",
                            "primary_network_interface_id": "eni-03d5db3fd11aa89d2",
                            "private_dns": "ip-172-31-85-98.ec2.internal",
                            "private_ip": "172.31.85.98",
                            "public_dns": "ec2-3-217-128-137.compute-1.amazonaws.com",
                            "public_ip": "3.217.128.137",
                            "root_block_device.#": "1",
                            "root_block_device.0.delete_on_termination": "true",
                            "root_block_device.0.iops": "100",
                            "root_block_device.0.volume_id": "vol-074073ca40bc00b30",
                            "root_block_device.0.volume_size": "8",
                            "root_block_device.0.volume_type": "gp2",
                            "security_groups.#": "1",
                            "security_groups.2938394801": "GoCD SG",
                            "source_dest_check": "true",
                            "subnet_id": "subnet-2196c50f",
                            "tags.%": "1",
                            "tags.Name": "GoCD Server",
                            "tenancy": "default",
                            "user_data": "7c99072b2eb0b782d0f04bf949da6a94bf9c81cd",
                            "volume_tags.%": "0",
                            "vpc_security_group_ids.#": "1",
                            "vpc_security_group_ids.2125715402": "sg-05fde4acb3d9296ee"
                        },
                        "meta": {
                            "e2bfb730-ecaa-11e6-8f88-34363bc7c4c0": {
                                "create": 600000000000,
                                "delete": 1200000000000,
                                "update": 600000000000
                            },
                            "schema_version": "1"
                        },
                        "tainted": false
                    },
                    "deposed": [],
                    "provider": "provider.aws"
                },
                "aws_security_group.GoCD-SG": {
                    "type": "aws_security_group",
                    "depends_on": [],
                    "primary": {
                        "id": "sg-05fde4acb3d9296ee",
                        "attributes": {
                            "arn": "arn:aws:ec2:us-east-1:539142489469:security-group/sg-05fde4acb3d9296ee",
                            "description": "Managed by Terraform",
                            "egress.#": "1",
                            "egress.482069346.cidr_blocks.#": "1",
                            "egress.482069346.cidr_blocks.0": "0.0.0.0/0",
                            "egress.482069346.description": "",
                            "egress.482069346.from_port": "0",
                            "egress.482069346.ipv6_cidr_blocks.#": "0",
                            "egress.482069346.prefix_list_ids.#": "0",
                            "egress.482069346.protocol": "-1",
                            "egress.482069346.security_groups.#": "0",
                            "egress.482069346.self": "false",
                            "egress.482069346.to_port": "0",
                            "id": "sg-05fde4acb3d9296ee",
                            "ingress.#": "2",
                            "ingress.1348311293.cidr_blocks.#": "1",
                            "ingress.1348311293.cidr_blocks.0": "0.0.0.0/0",
                            "ingress.1348311293.description": "",
                            "ingress.1348311293.from_port": "8154",
                            "ingress.1348311293.ipv6_cidr_blocks.#": "0",
                            "ingress.1348311293.prefix_list_ids.#": "0",
                            "ingress.1348311293.protocol": "tcp",
                            "ingress.1348311293.security_groups.#": "0",
                            "ingress.1348311293.self": "false",
                            "ingress.1348311293.to_port": "8154",
                            "ingress.2541437006.cidr_blocks.#": "1",
                            "ingress.2541437006.cidr_blocks.0": "0.0.0.0/0",
                            "ingress.2541437006.description": "",
                            "ingress.2541437006.from_port": "22",
                            "ingress.2541437006.ipv6_cidr_blocks.#": "0",
                            "ingress.2541437006.prefix_list_ids.#": "0",
                            "ingress.2541437006.protocol": "tcp",
                            "ingress.2541437006.security_groups.#": "0",
                            "ingress.2541437006.self": "false",
                            "ingress.2541437006.to_port": "22",
                            "name": "GoCD SG",
                            "owner_id": "539142489469",
                            "revoke_rules_on_delete": "false",
                            "tags.%": "0",
                            "vpc_id": "vpc-c72d4dbd"
                        },
                        "meta": {
                            "e2bfb730-ecaa-11e6-8f88-34363bc7c4c0": {
                                "create": 600000000000,
                                "delete": 600000000000
                            },
                            "schema_version": "1"
                        },
                        "tainted": false
                    },
                    "deposed": [],
                    "provider": "provider.aws"
                }
            },
            "depends_on": []
        }
    ]
}
